
Microsoft Visual Studio Solution File, Format Version 12.00
# Visual Studio Version 17
VisualStudioVersion = 17.10.35013.160
MinimumVisualStudioVersion = 10.0.40219.1
Project("{FAE04EC0-301F-11D3-BF4B-00C04F79EFBC}") = "SerlizationDeserlizationListAssignment", "SerlizationDeserlizationListAssignment.csproj", "{EC060822-0C24-4685-8636-9F54D87498AF}"
EndProject
Global
	GlobalSection(SolutionConfigurationPlatforms) = preSolution
		Debug|Any CPU = Debug|Any CPU
		Release|Any CPU = Release|Any CPU
	EndGlobalSection
	GlobalSection(ProjectConfigurationPlatforms) = postSolution
		{EC060822-0C24-4685-8636-9F54D87498AF}.Debug|Any CPU.ActiveCfg = Debug|Any CPU
		{EC060822-0C24-4685-8636-9F54D87498AF}.Debug|Any CPU.Build.0 = Debug|Any CPU
		{EC060822-0C24-4685-8636-9F54D87498AF}.Release|Any CPU.ActiveCfg = Release|Any CPU
		{EC060822-0C24-4685-8636-9F54D87498AF}.Release|Any CPU.Build.0 = Release|Any CPU
	EndGlobalSection
	GlobalSection(SolutionProperties) = preSolution
		HideSolutionNode = FALSE
	EndGlobalSection
	GlobalSection(ExtensibilityGlobals) = postSolution
		SolutionGuid = {B86E9E5B-F631-4370-A693-710EA7CBDD11}
	EndGlobalSection
EndGlobal
